// !$*UTF8*$!
{
	archiveVersion = 1;
	classes = {
	};
	objectVersion = 56;
	objects = {

/* Begin PBXBuildFile section */
		681ACAB12EC9C06900EEAAC8 /* Flute_The_AppApp.swift in Sources */ = {isa = PBXBuildFile; fileRef = 681ACAB02EC9C06900EEAAC8 /* Flute_The_AppApp.swift */; };
		681ACAB32EC9C06900EEAAC8 /* LoginView.swift in Sources */ = {isa = PBXBuildFile; fileRef = 681ACAB22EC9C06900EEAAC8 /* LoginView.swift */; };
		681ACAB52EC9C06B00EEAAC8 /* Assets.xcassets in Resources */ = {isa = PBXBuildFile; fileRef = 681ACAB42EC9C06B00EEAAC8 /* Assets.xcassets */; };
		681ACAB82EC9C06B00EEAAC8 /* Preview Assets.xcassets in Resources */ = {isa = PBXBuildFile; fileRef = 681ACAB72EC9C06B00EEAAC8 /* Preview Assets.xcassets */; };
		681ACABA2EC9C06B00EEAAC8 /* Persistence.swift in Sources */ = {isa = PBXBuildFile; fileRef = 681ACAB92EC9C06B00EEAAC8 /* Persistence.swift */; };
		681ACABD2EC9C06B00EEAAC8 /* Flute_The_App.xcdatamodeld in Sources */ = {isa = PBXBuildFile; fileRef = 681ACABB2EC9C06B00EEAAC8 /* Flute_The_App.xcdatamodeld */; };
		681ACAC42EC9DEDE00EEAAC8 /* Constants.swift in Sources */ = {isa = PBXBuildFile; fileRef = 681ACAC32EC9DEDD00EEAAC8 /* Constants.swift */; };
		681ACAC62EC9E58900EEAAC8 /* OTPVerificationView.swift in Sources */ = {isa = PBXBuildFile; fileRef = 681ACAC52EC9E58900EEAAC8 /* OTPVerificationView.swift */; };
		681ACAC82ECCC7E800EEAAC8 /* RegistrationView.swift in Sources */ = {isa = PBXBuildFile; fileRef = 681ACAC72ECCC7E800EEAAC8 /* RegistrationView.swift */; };
		681ACACA2ECCCEF800EEAAC8 /* MainTabView.swift in Sources */ = {isa = PBXBuildFile; fileRef = 681ACAC92ECCCEF800EEAAC8 /* MainTabView.swift */; };
		687E53712ECE272E00A7032D /* OrderHistoryView.swift in Sources */ = {isa = PBXBuildFile; fileRef = 687E53702ECE272E00A7032D /* OrderHistoryView.swift */; };
		687E53732ECE288E00A7032D /* GiftHistoryView.swift in Sources */ = {isa = PBXBuildFile; fileRef = 687E53722ECE288D00A7032D /* GiftHistoryView.swift */; };
		687E53752ECE293E00A7032D /* HomeView.swift in Sources */ = {isa = PBXBuildFile; fileRef = 687E53742ECE293E00A7032D /* HomeView.swift */; };
		687E53772ECE2AE100A7032D /* MissedCallsView.swift in Sources */ = {isa = PBXBuildFile; fileRef = 687E53762ECE2AE100A7032D /* MissedCallsView.swift */; };
		687E53792ECE2CCB00A7032D /* WalletView.swift in Sources */ = {isa = PBXBuildFile; fileRef = 687E53782ECE2CCB00A7032D /* WalletView.swift */; };
		687E537B2ECE327300A7032D /* SessionHistoryView.swift in Sources */ = {isa = PBXBuildFile; fileRef = 687E537A2ECE327300A7032D /* SessionHistoryView.swift */; };
/* End PBXBuildFile section */

/* Begin PBXFileReference section */
		681ACAAD2EC9C06900EEAAC8 /* Flute The App.app */ = {isa = PBXFileReference; explicitFileType = wrapper.application; includeInIndex = 0; path = "Flute The App.app"; sourceTree = BUILT_PRODUCTS_DIR; };
		681ACAB02EC9C06900EEAAC8 /* Flute_The_AppApp.swift */ = {isa = PBXFileReference; lastKnownFileType = sourcecode.swift; path = Flute_The_AppApp.swift; sourceTree = "<group>"; };
		681ACAB22EC9C06900EEAAC8 /* LoginView.swift */ = {isa = PBXFileReference; lastKnownFileType = sourcecode.swift; path = LoginView.swift; sourceTree = "<group>"; };
		681ACAB42EC9C06B00EEAAC8 /* Assets.xcassets */ = {isa = PBXFileReference; lastKnownFileType = folder.assetcatalog; path = Assets.xcassets; sourceTree = "<group>"; };
		681ACAB72EC9C06B00EEAAC8 /* Preview Assets.xcassets */ = {isa = PBXFileReference; lastKnownFileType = folder.assetcatalog; path = "Preview Assets.xcassets"; sourceTree = "<group>"; };
		681ACAB92EC9C06B00EEAAC8 /* Persistence.swift */ = {isa = PBXFileReference; lastKnownFileType = sourcecode.swift; path = Persistence.swift; sourceTree = "<group>"; };
		681ACABC2EC9C06B00EEAAC8 /* Flute_The_App.xcdatamodel */ = {isa = PBXFileReference; lastKnownFileType = wrapper.xcdatamodel; path = Flute_The_App.xcdatamodel; sourceTree = "<group>"; };
		681ACAC32EC9DEDD00EEAAC8 /* Constants.swift */ = {isa = PBXFileReference; lastKnownFileType = sourcecode.swift; path = Constants.swift; sourceTree = "<group>"; };
		681ACAC52EC9E58900EEAAC8 /* OTPVerificationView.swift */ = {isa = PBXFileReference; lastKnownFileType = sourcecode.swift; path = OTPVerificationView.swift; sourceTree = "<group>"; };
		681ACAC72ECCC7E800EEAAC8 /* RegistrationView.swift */ = {isa = PBXFileReference; lastKnownFileType = sourcecode.swift; path = RegistrationView.swift; sourceTree = "<group>"; };
		681ACAC92ECCCEF800EEAAC8 /* MainTabView.swift */ = {isa = PBXFileReference; lastKnownFileType = sourcecode.swift; path = MainTabView.swift; sourceTree = "<group>"; };
		687E53702ECE272E00A7032D /* OrderHistoryView.swift */ = {isa = PBXFileReference; lastKnownFileType = sourcecode.swift; path = OrderHistoryView.swift; sourceTree = "<group>"; };
		687E53722ECE288D00A7032D /* GiftHistoryView.swift */ = {isa = PBXFileReference; lastKnownFileType = sourcecode.swift; path = GiftHistoryView.swift; sourceTree = "<group>"; };
		687E53742ECE293E00A7032D /* HomeView.swift */ = {isa = PBXFileReference; lastKnownFileType = sourcecode.swift; path = HomeView.swift; sourceTree = "<group>"; };
		687E53762ECE2AE100A7032D /* MissedCallsView.swift */ = {isa = PBXFileReference; lastKnownFileType = sourcecode.swift; path = MissedCallsView.swift; sourceTree = "<group>"; };
		687E53782ECE2CCB00A7032D /* WalletView.swift */ = {isa = PBXFileReference; lastKnownFileType = sourcecode.swift; path = WalletView.swift; sourceTree = "<group>"; };
		687E537A2ECE327300A7032D /* SessionHistoryView.swift */ = {isa = PBXFileReference; lastKnownFileType = sourcecode.swift; path = SessionHistoryView.swift; sourceTree = "<group>"; };
/* End PBXFileReference section */

/* Begin PBXFrameworksBuildPhase section */
		681ACAAA2EC9C06900EEAAC8 /* Frameworks */ = {
			isa = PBXFrameworksBuildPhase;
			buildActionMask = 2147483647;
			files = (
			);
			runOnlyForDeploymentPostprocessing = 0;
		};
/* End PBXFrameworksBuildPhase section */

/* Begin PBXGroup section */
		681ACAA42EC9C06900EEAAC8 = {
			isa = PBXGroup;
			children = (
				681ACAAF2EC9C06900EEAAC8 /* Flute The App */,
				681ACAAE2EC9C06900EEAAC8 /* Products */,
			);
			sourceTree = "<group>";
		};
		681ACAAE2EC9C06900EEAAC8 /* Products */ = {
			isa = PBXGroup;
			children = (
				681ACAAD2EC9C06900EEAAC8 /* Flute The App.app */,
			);
			name = Products;
			sourceTree = "<group>";
		};
		681ACAAF2EC9C06900EEAAC8 /* Flute The App */ = {
			isa = PBXGroup;
			children = (
				681ACAB02EC9C06900EEAAC8 /* Flute_The_AppApp.swift */,
				681ACAB22EC9C06900EEAAC8 /* LoginView.swift */,
				681ACAC52EC9E58900EEAAC8 /* OTPVerificationView.swift */,
				681ACAC72ECCC7E800EEAAC8 /* RegistrationView.swift */,
				681ACAC92ECCCEF800EEAAC8 /* MainTabView.swift */,
				687E53742ECE293E00A7032D /* HomeView.swift */,
				687E53702ECE272E00A7032D /* OrderHistoryView.swift */,
				687E53722ECE288D00A7032D /* GiftHistoryView.swift */,
				687E53762ECE2AE100A7032D /* MissedCallsView.swift */,
				687E53782ECE2CCB00A7032D /* WalletView.swift */,
				687E537A2ECE327300A7032D /* SessionHistoryView.swift */,
				681ACAC32EC9DEDD00EEAAC8 /* Constants.swift */,
				681ACAB42EC9C06B00EEAAC8 /* Assets.xcassets */,
				681ACAB92EC9C06B00EEAAC8 /* Persistence.swift */,
				681ACABB2EC9C06B00EEAAC8 /* Flute_The_App.xcdatamodeld */,
				681ACAB62EC9C06B00EEAAC8 /* Preview Content */,
			);
			path = "Flute The App";
			sourceTree = "<group>";
		};
		681ACAB62EC9C06B00EEAAC8 /* Preview Content */ = {
			isa = PBXGroup;
			children = (
				681ACAB72EC9C06B00EEAAC8 /* Preview Assets.xcassets */,
			);
			path = "Preview Content";
			sourceTree = "<group>";
		};
/* End PBXGroup section */

/* Begin PBXNativeTarget section */
		681ACAAC2EC9C06900EEAAC8 /* Flute The App */ = {
			isa = PBXNativeTarget;
			buildConfigurationList = 681ACAC02EC9C06B00EEAAC8 /* Build configuration list for PBXNativeTarget "Flute The App" */;
			buildPhases = (
				681ACAA92EC9C06900EEAAC8 /* Sources */,
				681ACAAA2EC9C06900EEAAC8 /* Frameworks */,
				681ACAAB2EC9C06900EEAAC8 /* Resources */,
			);
			buildRules = (
			);
			dependencies = (
			);
			name = "Flute The App";
			productName = "Flute The App";
			productReference = 681ACAAD2EC9C06900EEAAC8 /* Flute The App.app */;
			productType = "com.apple.product-type.application";
		};
/* End PBXNativeTarget section */

/* Begin PBXProject section */
		681ACAA52EC9C06900EEAAC8 /* Project object */ = {
			isa = PBXProject;
			attributes = {
				BuildIndependentTargetsInParallel = 1;
				LastSwiftUpdateCheck = 1420;
				LastUpgradeCheck = 1420;
				TargetAttributes = {
					681ACAAC2EC9C06900EEAAC8 = {
						CreatedOnToolsVersion = 14.2;
					};
				};
			};
			buildConfigurationList = 681ACAA82EC9C06900EEAAC8 /* Build configuration list for PBXProject "Flute The App" */;
			compatibilityVersion = "Xcode 14.0";
			developmentRegion = en;
			hasScannedForEncodings = 0;
			knownRegions = (
				en,
				Base,
			);
			mainGroup = 681ACAA42EC9C06900EEAAC8;
			productRefGroup = 681ACAAE2EC9C06900EEAAC8 /* Products */;
			projectDirPath = "";
			projectRoot = "";
			targets = (
				681ACAAC2EC9C06900EEAAC8 /* Flute The App */,
			);
		};
/* End PBXProject section */

/* Begin PBXResourcesBuildPhase section */
		681ACAAB2EC9C06900EEAAC8 /* Resources */ = {
			isa = PBXResourcesBuildPhase;
			buildActionMask = 2147483647;
			files = (
				681ACAB82EC9C06B00EEAAC8 /* Preview Assets.xcassets in Resources */,
				681ACAB52EC9C06B00EEAAC8 /* Assets.xcassets in Resources */,
			);
			runOnlyForDeploymentPostprocessing = 0;
		};
/* End PBXResourcesBuildPhase section */

/* Begin PBXSourcesBuildPhase section */
		681ACAA92EC9C06900EEAAC8 /* Sources */ = {
			isa = PBXSourcesBuildPhase;
			buildActionMask = 2147483647;
			files = (
				681ACAC42EC9DEDE00EEAAC8 /* Constants.swift in Sources */,
				687E53772ECE2AE100A7032D /* MissedCallsView.swift in Sources */,
				681ACAC62EC9E58900EEAAC8 /* OTPVerificationView.swift in Sources */,
				681ACAC82ECCC7E800EEAAC8 /* RegistrationView.swift in Sources */,
				681ACABA2EC9C06B00EEAAC8 /* Persistence.swift in Sources */,
				681ACAB32EC9C06900EEAAC8 /* LoginView.swift in Sources */,
				687E53732ECE288E00A7032D /* GiftHistoryView.swift in Sources */,
				681ACACA2ECCCEF800EEAAC8 /* MainTabView.swift in Sources */,
				681ACABD2EC9C06B00EEAAC8 /* Flute_The_App.xcdatamodeld in Sources */,
				687E537B2ECE327300A7032D /* SessionHistoryView.swift in Sources */,
				687E53712ECE272E00A7032D /* OrderHistoryView.swift in Sources */,
				687E53792ECE2CCB00A7032D /* WalletView.swift in Sources */,
				687E53752ECE293E00A7032D /* HomeView.swift in Sources */,
				681ACAB12EC9C06900EEAAC8 /* Flute_The_AppApp.swift in Sources */,
			);
			runOnlyForDeploymentPostprocessing = 0;
		};
/* End PBXSourcesBuildPhase section */

/* Begin XCBuildConfiguration section */
		681ACABE2EC9C06B00EEAAC8 /* Debug */ = {
			isa = XCBuildConfiguration;
			buildSettings = {
				ALWAYS_SEARCH_USER_PATHS = NO;
				CLANG_ANALYZER_NONNULL = YES;
				CLANG_ANALYZER_NUMBER_OBJECT_CONVERSION = YES_AGGRESSIVE;
				CLANG_CXX_LANGUAGE_STANDARD = "gnu++20";
				CLANG_ENABLE_MODULES = YES;
				CLANG_ENABLE_OBJC_ARC = YES;
				CLANG_ENABLE_OBJC_WEAK = YES;
				CLANG_WARN_BLOCK_CAPTURE_AUTORELEASING = YES;
				CLANG_WARN_BOOL_CONVERSION = YES;
				CLANG_WARN_COMMA = YES;
				CLANG_WARN_CONSTANT_CONVERSION = YES;
				CLANG_WARN_DEPRECATED_OBJC_IMPLEMENTATIONS = YES;
				CLANG_WARN_DIRECT_OBJC_ISA_USAGE = YES_ERROR;
				CLANG_WARN_DOCUMENTATION_COMMENTS = YES;
				CLANG_WARN_EMPTY_BODY = YES;
				CLANG_WARN_ENUM_CONVERSION = YES;
				CLANG_WARN_INFINITE_RECURSION = YES;
				CLANG_WARN_INT_CONVERSION = YES;
				CLANG_WARN_NON_LITERAL_NULL_CONVERSION = YES;
				CLANG_WARN_OBJC_IMPLICIT_RETAIN_SELF = YES;
				CLANG_WARN_OBJC_LITERAL_CONVERSION = YES;
				CLANG_WARN_OBJC_ROOT_CLASS = YES_ERROR;
				CLANG_WARN_QUOTED_INCLUDE_IN_FRAMEWORK_HEADER = YES;
				CLANG_WARN_RANGE_LOOP_ANALYSIS = YES;
				CLANG_WARN_STRICT_PROTOTYPES = YES;
				CLANG_WARN_SUSPICIOUS_MOVE = YES;
				CLANG_WARN_UNGUARDED_AVAILABILITY = YES_AGGRESSIVE;
				CLANG_WARN_UNREACHABLE_CODE = YES;
				CLANG_WARN__DUPLICATE_METHOD_MATCH = YES;
				COPY_PHASE_STRIP = NO;
				DEBUG_INFORMATION_FORMAT = dwarf;
				ENABLE_STRICT_OBJC_MSGSEND = YES;
				ENABLE_TESTABILITY = YES;
				GCC_C_LANGUAGE_STANDARD = gnu11;
				GCC_DYNAMIC_NO_PIC = NO;
				GCC_NO_COMMON_BLOCKS = YES;
				GCC_OPTIMIZATION_LEVEL = 0;
				GCC_PREPROCESSOR_DEFINITIONS = (
					"DEBUG=1",
					"$(inherited)",
				);
				GCC_WARN_64_TO_32_BIT_CONVERSION = YES;
				GCC_WARN_ABOUT_RETURN_TYPE = YES_ERROR;
				GCC_WARN_UNDECLARED_SELECTOR = YES;
				GCC_WARN_UNINITIALIZED_AUTOS = YES_AGGRESSIVE;
				GCC_WARN_UNUSED_FUNCTION = YES;
				GCC_WARN_UNUSED_VARIABLE = YES;
				IPHONEOS_DEPLOYMENT_TARGET = 16.2;
				MTL_ENABLE_DEBUG_INFO = INCLUDE_SOURCE;
				MTL_FAST_MATH = YES;
				ONLY_ACTIVE_ARCH = YES;
				SDKROOT = iphoneos;
				SWIFT_ACTIVE_COMPILATION_CONDITIONS = DEBUG;
				SWIFT_OPTIMIZATION_LEVEL = "-Onone";
			};
			name = Debug;
		};
		681ACABF2EC9C06B00EEAAC8 /* Release */ = {
			isa = XCBuildConfiguration;
			buildSettings = {
				ALWAYS_SEARCH_USER_PATHS = NO;
				CLANG_ANALYZER_NONNULL = YES;
				CLANG_ANALYZER_NUMBER_OBJECT_CONVERSION = YES_AGGRESSIVE;
				CLANG_CXX_LANGUAGE_STANDARD = "gnu++20";
				CLANG_ENABLE_MODULES = YES;
				CLANG_ENABLE_OBJC_ARC = YES;
				CLANG_ENABLE_OBJC_WEAK = YES;
				CLANG_WARN_BLOCK_CAPTURE_AUTORELEASING = YES;
				CLANG_WARN_BOOL_CONVERSION = YES;
				CLANG_WARN_COMMA = YES;
				CLANG_WARN_CONSTANT_CONVERSION = YES;
				CLANG_WARN_DEPRECATED_OBJC_IMPLEMENTATIONS = YES;
				CLANG_WARN_DIRECT_OBJC_ISA_USAGE = YES_ERROR;
				CLANG_WARN_DOCUMENTATION_COMMENTS = YES;
				CLANG_WARN_EMPTY_BODY = YES;
				CLANG_WARN_ENUM_CONVERSION = YES;
				CLANG_WARN_INFINITE_RECURSION = YES;
				CLANG_WARN_INT_CONVERSION = YES;
				CLANG_WARN_NON_LITERAL_NULL_CONVERSION = YES;
				CLANG_WARN_OBJC_IMPLICIT_RETAIN_SELF = YES;
				CLANG_WARN_OBJC_LITERAL_CONVERSION = YES;
				CLANG_WARN_OBJC_ROOT_CLASS = YES_ERROR;
				CLANG_WARN_QUOTED_INCLUDE_IN_FRAMEWORK_HEADER = YES;
				CLANG_WARN_RANGE_LOOP_ANALYSIS = YES;
				CLANG_WARN_STRICT_PROTOTYPES = YES;
				CLANG_WARN_SUSPICIOUS_MOVE = YES;
				CLANG_WARN_UNGUARDED_AVAILABILITY = YES_AGGRESSIVE;
				CLANG_WARN_UNREACHABLE_CODE = YES;
				CLANG_WARN__DUPLICATE_METHOD_MATCH = YES;
				COPY_PHASE_STRIP = NO;
				DEBUG_INFORMATION_FORMAT = "dwarf-with-dsym";
				ENABLE_NS_ASSERTIONS = NO;
				ENABLE_STRICT_OBJC_MSGSEND = YES;
				GCC_C_LANGUAGE_STANDARD = gnu11;
				GCC_NO_COMMON_BLOCKS = YES;
				GCC_WARN_64_TO_32_BIT_CONVERSION = YES;
				GCC_WARN_ABOUT_RETURN_TYPE = YES_ERROR;
				GCC_WARN_UNDECLARED_SELECTOR = YES;
				GCC_WARN_UNINITIALIZED_AUTOS = YES_AGGRESSIVE;
				GCC_WARN_UNUSED_FUNCTION = YES;
				GCC_WARN_UNUSED_VARIABLE = YES;
				IPHONEOS_DEPLOYMENT_TARGET = 16.2;
				MTL_ENABLE_DEBUG_INFO = NO;
				MTL_FAST_MATH = YES;
				SDKROOT = iphoneos;
				SWIFT_COMPILATION_MODE = wholemodule;
				SWIFT_OPTIMIZATION_LEVEL = "-O";
				VALIDATE_PRODUCT = YES;
			};
			name = Release;
		};
		681ACAC12EC9C06B00EEAAC8 /* Debug */ = {
			isa = XCBuildConfiguration;
			buildSettings = {
				ASSETCATALOG_COMPILER_APPICON_NAME = AppIcon;
				ASSETCATALOG_COMPILER_GLOBAL_ACCENT_COLOR_NAME = AccentColor;
				CODE_SIGN_STYLE = Automatic;
				CURRENT_PROJECT_VERSION = 1;
				DEVELOPMENT_ASSET_PATHS = "\"Flute The App/Preview Content\"";
				DEVELOPMENT_TEAM = X82WK9FY3J;
				ENABLE_PREVIEWS = YES;
				GENERATE_INFOPLIST_FILE = YES;
				INFOPLIST_KEY_UIApplicationSceneManifest_Generation = YES;
				INFOPLIST_KEY_UIApplicationSupportsIndirectInputEvents = YES;
				INFOPLIST_KEY_UILaunchScreen_Generation = YES;
				INFOPLIST_KEY_UISupportedInterfaceOrientations = UIInterfaceOrientationPortrait;
				IPHONEOS_DEPLOYMENT_TARGET = 15.6;
				LD_RUNPATH_SEARCH_PATHS = (
					"$(inherited)",
					"@executable_path/Frameworks",
				);
				MARKETING_VERSION = 1.0;
				PRODUCT_BUNDLE_IDENTIFIER = "com.Flute-The-App";
				PRODUCT_NAME = "$(TARGET_NAME)";
				SUPPORTED_PLATFORMS = "iphoneos iphonesimulator";
				SUPPORTS_MACCATALYST = NO;
				SUPPORTS_MAC_DESIGNED_FOR_IPHONE_IPAD = NO;
				SWIFT_EMIT_LOC_STRINGS = YES;
				SWIFT_VERSION = 5.0;
				TARGETED_DEVICE_FAMILY = "1,2";
			};
			name = Debug;
		};
		681ACAC22EC9C06B00EEAAC8 /* Release */ = {
			isa = XCBuildConfiguration;
			buildSettings = {
				ASSETCATALOG_COMPILER_APPICON_NAME = AppIcon;
				ASSETCATALOG_COMPILER_GLOBAL_ACCENT_COLOR_NAME = AccentColor;
				CODE_SIGN_STYLE = Automatic;
				CURRENT_PROJECT_VERSION = 1;
				DEVELOPMENT_ASSET_PATHS = "\"Flute The App/Preview Content\"";
				DEVELOPMENT_TEAM = X82WK9FY3J;
				ENABLE_PREVIEWS = YES;
				GENERATE_INFOPLIST_FILE = YES;
				INFOPLIST_KEY_UIApplicationSceneManifest_Generation = YES;
				INFOPLIST_KEY_UIApplicationSupportsIndirectInputEvents = YES;
				INFOPLIST_KEY_UILaunchScreen_Generation = YES;
				INFOPLIST_KEY_UISupportedInterfaceOrientations = UIInterfaceOrientationPortrait;
				IPHONEOS_DEPLOYMENT_TARGET = 15.6;
				LD_RUNPATH_SEARCH_PATHS = (
					"$(inherited)",
					"@executable_path/Frameworks",
				);
				MARKETING_VERSION = 1.0;
				PRODUCT_BUNDLE_IDENTIFIER = "com.Flute-The-App";
				PRODUCT_NAME = "$(TARGET_NAME)";
				SUPPORTED_PLATFORMS = "iphoneos iphonesimulator";
				SUPPORTS_MACCATALYST = NO;
				SUPPORTS_MAC_DESIGNED_FOR_IPHONE_IPAD = NO;
				SWIFT_EMIT_LOC_STRINGS = YES;
				SWIFT_VERSION = 5.0;
				TARGETED_DEVICE_FAMILY = "1,2";
			};
			name = Release;
		};
/* End XCBuildConfiguration section */

/* Begin XCConfigurationList section */
		681ACAA82EC9C06900EEAAC8 /* Build configuration list for PBXProject "Flute The App" */ = {
			isa = XCConfigurationList;
			buildConfigurations = (
				681ACABE2EC9C06B00EEAAC8 /* Debug */,
				681ACABF2EC9C06B00EEAAC8 /* Release */,
			);
			defaultConfigurationIsVisible = 0;
			defaultConfigurationName = Release;
		};
		681ACAC02EC9C06B00EEAAC8 /* Build configuration list for PBXNativeTarget "Flute The App" */ = {
			isa = XCConfigurationList;
			buildConfigurations = (
				681ACAC12EC9C06B00EEAAC8 /* Debug */,
				681ACAC22EC9C06B00EEAAC8 /* Release */,
			);
			defaultConfigurationIsVisible = 0;
			defaultConfigurationName = Release;
		};
/* End XCConfigurationList section */

/* Begin XCVersionGroup section */
		681ACABB2EC9C06B00EEAAC8 /* Flute_The_App.xcdatamodeld */ = {
			isa = XCVersionGroup;
			children = (
				681ACABC2EC9C06B00EEAAC8 /* Flute_The_App.xcdatamodel */,
			);
			currentVersion = 681ACABC2EC9C06B00EEAAC8 /* Flute_The_App.xcdatamodel */;
			path = Flute_The_App.xcdatamodeld;
			sourceTree = "<group>";
			versionGroupType = wrapper.xcdatamodel;
		};
/* End XCVersionGroup section */
	};
	rootObject = 681ACAA52EC9C06900EEAAC8 /* Project object */;
}
